// !$*UTF8*$!
{
	archiveVersion = 1;
	classes = {
	};
	objectVersion = 46;
	objects = {

/* Begin PBXBuildFile section */
		FBBB0BF21B1B870F00FA2477 /* AppDelegate.swift in Sources */ = {isa = PBXBuildFile; fileRef = FBBB0BF11B1B870F00FA2477 /* AppDelegate.swift */; };
		FBBB0BF51B1B870F00FA2477 /* calender.xcdatamodeld in Sources */ = {isa = PBXBuildFile; fileRef = FBBB0BF31B1B870F00FA2477 /* calender.xcdatamodeld */; };
		FBBB0BF71B1B870F00FA2477 /* ViewController.swift in Sources */ = {isa = PBXBuildFile; fileRef = FBBB0BF61B1B870F00FA2477 /* ViewController.swift */; };
		FBBB0BFA1B1B870F00FA2477 /* Main.storyboard in Resources */ = {isa = PBXBuildFile; fileRef = FBBB0BF81B1B870F00FA2477 /* Main.storyboard */; };
		FBBB0BFC1B1B870F00FA2477 /* Images.xcassets in Resources */ = {isa = PBXBuildFile; fileRef = FBBB0BFB1B1B870F00FA2477 /* Images.xcassets */; };
		FBBB0BFF1B1B870F00FA2477 /* LaunchScreen.xib in Resources */ = {isa = PBXBuildFile; fileRef = FBBB0BFD1B1B870F00FA2477 /* LaunchScreen.xib */; };
		FBBB0C0B1B1B870F00FA2477 /* calenderTests.swift in Sources */ = {isa = PBXBuildFile; fileRef = FBBB0C0A1B1B870F00FA2477 /* calenderTests.swift */; };
		FBBB0C151B1B941F00FA2477 /* MainViewController.swift in Sources */ = {isa = PBXBuildFile; fileRef = FBBB0C141B1B941F00FA2477 /* MainViewController.swift */; };
/* End PBXBuildFile section */

/* Begin PBXContainerItemProxy section */
		FBBB0C051B1B870F00FA2477 /* PBXContainerItemProxy */ = {
			isa = PBXContainerItemProxy;
			containerPortal = FBBB0BE41B1B870E00FA2477 /* Project object */;
			proxyType = 1;
			remoteGlobalIDString = FBBB0BEB1B1B870E00FA2477;
			remoteInfo = calender;
		};
/* End PBXContainerItemProxy section */

/* Begin PBXFileReference section */
		FBBB0BEC1B1B870F00FA2477 /* calender.app */ = {isa = PBXFileReference; explicitFileType = wrapper.application; includeInIndex = 0; path = calender.app; sourceTree = BUILT_PRODUCTS_DIR; };
		FBBB0BF01B1B870F00FA2477 /* Info.plist */ = {isa = PBXFileReference; lastKnownFileType = text.plist.xml; path = Info.plist; sourceTree = "<group>"; };
		FBBB0BF11B1B870F00FA2477 /* AppDelegate.swift */ = {isa = PBXFileReference; lastKnownFileType = sourcecode.swift; path = AppDelegate.swift; sourceTree = "<group>"; };
		FBBB0BF41B1B870F00FA2477 /* calender.xcdatamodel */ = {isa = PBXFileReference; lastKnownFileType = wrapper.xcdatamodel; path = calender.xcdatamodel; sourceTree = "<group>"; };
		FBBB0BF61B1B870F00FA2477 /* ViewController.swift */ = {isa = PBXFileReference; lastKnownFileType = sourcecode.swift; path = ViewController.swift; sourceTree = "<group>"; };
		FBBB0BF91B1B870F00FA2477 /* Base */ = {isa = PBXFileReference; lastKnownFileType = file.storyboard; name = Base; path = Base.lproj/Main.storyboard; sourceTree = "<group>"; };
		FBBB0BFB1B1B870F00FA2477 /* Images.xcassets */ = {isa = PBXFileReference; lastKnownFileType = folder.assetcatalog; path = Images.xcassets; sourceTree = "<group>"; };
		FBBB0BFE1B1B870F00FA2477 /* Base */ = {isa = PBXFileReference; lastKnownFileType = file.xib; name = Base; path = Base.lproj/LaunchScreen.xib; sourceTree = "<group>"; };
		FBBB0C041B1B870F00FA2477 /* calenderTests.xctest */ = {isa = PBXFileReference; explicitFileType = wrapper.cfbundle; includeInIndex = 0; path = calenderTests.xctest; sourceTree = BUILT_PRODUCTS_DIR; };
		FBBB0C091B1B870F00FA2477 /* Info.plist */ = {isa = PBXFileReference; lastKnownFileType = text.plist.xml; path = Info.plist; sourceTree = "<group>"; };
		FBBB0C0A1B1B870F00FA2477 /* calenderTests.swift */ = {isa = PBXFileReference; lastKnownFileType = sourcecode.swift; path = calenderTests.swift; sourceTree = "<group>"; };
		FBBB0C141B1B941F00FA2477 /* MainViewController.swift */ = {isa = PBXFileReference; fileEncoding = 4; lastKnownFileType = sourcecode.swift; path = MainViewController.swift; sourceTree = "<group>"; };
/* End PBXFileReference section */

/* Begin PBXFrameworksBuildPhase section */
		FBBB0BE91B1B870E00FA2477 /* Frameworks */ = {
			isa = PBXFrameworksBuildPhase;
			buildActionMask = 2147483647;
			files = (
			);
			runOnlyForDeploymentPostprocessing = 0;
		};
		FBBB0C011B1B870F00FA2477 /* Frameworks */ = {
			isa = PBXFrameworksBuildPhase;
			buildActionMask = 2147483647;
			files = (
			);
			runOnlyForDeploymentPostprocessing = 0;
		};
/* End PBXFrameworksBuildPhase section */

/* Begin PBXGroup section */
		FBBB0BE31B1B870E00FA2477 = {
			isa = PBXGroup;
			children = (
				FBBB0BEE1B1B870F00FA2477 /* calender */,
				FBBB0C071B1B870F00FA2477 /* calenderTests */,
				FBBB0BED1B1B870F00FA2477 /* Products */,
			);
			sourceTree = "<group>";
		};
		FBBB0BED1B1B870F00FA2477 /* Products */ = {
			isa = PBXGroup;
			children = (
				FBBB0BEC1B1B870F00FA2477 /* calender.app */,
				FBBB0C041B1B870F00FA2477 /* calenderTests.xctest */,
			);
			name = Products;
			sourceTree = "<group>";
		};
		FBBB0BEE1B1B870F00FA2477 /* calender */ = {
			isa = PBXGroup;
			children = (
				FBBB0BF11B1B870F00FA2477 /* AppDelegate.swift */,
				FBBB0BF61B1B870F00FA2477 /* ViewController.swift */,
				FBBB0C141B1B941F00FA2477 /* MainViewController.swift */,
				FBBB0BF81B1B870F00FA2477 /* Main.storyboard */,
				FBBB0BFB1B1B870F00FA2477 /* Images.xcassets */,
				FBBB0BFD1B1B870F00FA2477 /* LaunchScreen.xib */,
				FBBB0BF31B1B870F00FA2477 /* calender.xcdatamodeld */,
				FBBB0BEF1B1B870F00FA2477 /* Supporting Files */,
			);
			path = calender;
			sourceTree = "<group>";
		};
		FBBB0BEF1B1B870F00FA2477 /* Supporting Files */ = {
			isa = PBXGroup;
			children = (
				FBBB0BF01B1B870F00FA2477 /* Info.plist */,
			);
			name = "Supporting Files";
			sourceTree = "<group>";
		};
		FBBB0C071B1B870F00FA2477 /* calenderTests */ = {
			isa = PBXGroup;
			children = (
				FBBB0C0A1B1B870F00FA2477 /* calenderTests.swift */,
				FBBB0C081B1B870F00FA2477 /* Supporting Files */,
			);
			path = calenderTests;
			sourceTree = "<group>";
		};
		FBBB0C081B1B870F00FA2477 /* Supporting Files */ = {
			isa = PBXGroup;
			children = (
				FBBB0C091B1B870F00FA2477 /* Info.plist */,
			);
			name = "Supporting Files";
			sourceTree = "<group>";
		};
/* End PBXGroup section */

/* Begin PBXNativeTarget section */
		FBBB0BEB1B1B870E00FA2477 /* calender */ = {
			isa = PBXNativeTarget;
			buildConfigurationList = FBBB0C0E1B1B870F00FA2477 /* Build configuration list for PBXNativeTarget "calender" */;
			buildPhases = (
				FBBB0BE81B1B870E00FA2477 /* Sources */,
				FBBB0BE91B1B870E00FA2477 /* Frameworks */,
				FBBB0BEA1B1B870E00FA2477 /* Resources */,
			);
			buildRules = (
			);
			dependencies = (
			);
			name = calender;
			productName = calender;
			productReference = FBBB0BEC1B1B870F00FA2477 /* calender.app */;
			productType = "com.apple.product-type.application";
		};
		FBBB0C031B1B870F00FA2477 /* calenderTests */ = {
			isa = PBXNativeTarget;
			buildConfigurationList = FBBB0C111B1B870F00FA2477 /* Build configuration list for PBXNativeTarget "calenderTests" */;
			buildPhases = (
				FBBB0C001B1B870F00FA2477 /* Sources */,
				FBBB0C011B1B870F00FA2477 /* Frameworks */,
				FBBB0C021B1B870F00FA2477 /* Resources */,
			);
			buildRules = (
			);
			dependencies = (
				FBBB0C061B1B870F00FA2477 /* PBXTargetDependency */,
			);
			name = calenderTests;
			productName = calenderTests;
			productReference = FBBB0C041B1B870F00FA2477 /* calenderTests.xctest */;
			productType = "com.apple.product-type.bundle.unit-test";
		};
/* End PBXNativeTarget section */

/* Begin PBXProject section */
		FBBB0BE41B1B870E00FA2477 /* Project object */ = {
			isa = PBXProject;
			attributes = {
				LastUpgradeCheck = 0630;
				ORGANIZATIONNAME = "Pushparaj Zala";
				TargetAttributes = {
					FBBB0BEB1B1B870E00FA2477 = {
						CreatedOnToolsVersion = 6.3.2;
					};
					FBBB0C031B1B870F00FA2477 = {
						CreatedOnToolsVersion = 6.3.2;
						TestTargetID = FBBB0BEB1B1B870E00FA2477;
					};
				};
			};
			buildConfigurationList = FBBB0BE71B1B870E00FA2477 /* Build configuration list for PBXProject "calender" */;
			compatibilityVersion = "Xcode 3.2";
			developmentRegion = English;
			hasScannedForEncodings = 0;
			knownRegions = (
				en,
				Base,
			);
			mainGroup = FBBB0BE31B1B870E00FA2477;
			productRefGroup = FBBB0BED1B1B870F00FA2477 /* Products */;
			projectDirPath = "";
			projectRoot = "";
			targets = (
				FBBB0BEB1B1B870E00FA2477 /* calender */,
				FBBB0C031B1B870F00FA2477 /* calenderTests */,
			);
		};
/* End PBXProject section */

/* Begin PBXResourcesBuildPhase section */
		FBBB0BEA1B1B870E00FA2477 /* Resources */ = {
			isa = PBXResourcesBuildPhase;
			buildActionMask = 2147483647;
			files = (
				FBBB0BFA1B1B870F00FA2477 /* Main.storyboard in Resources */,
				FBBB0BFF1B1B870F00FA2477 /* LaunchScreen.xib in Resources */,
				FBBB0BFC1B1B870F00FA2477 /* Images.xcassets in Resources */,
			);
			runOnlyForDeploymentPostprocessing = 0;
		};
		FBBB0C021B1B870F00FA2477 /* Resources */ = {
			isa = PBXResourcesBuildPhase;
			buildActionMask = 2147483647;
			files = (
			);
			runOnlyForDeploymentPostprocessing = 0;
		};
/* End PBXResourcesBuildPhase section */

/* Begin PBXSourcesBuildPhase section */
		FBBB0BE81B1B870E00FA2477 /* Sources */ = {
			isa = PBXSourcesBuildPhase;
			buildActionMask = 2147483647;
			files = (
				FBBB0BF71B1B870F00FA2477 /* ViewController.swift in Sources */,
				FBBB0BF21B1B870F00FA2477 /* AppDelegate.swift in Sources */,
				FBBB0BF51B1B870F00FA2477 /* calender.xcdatamodeld in Sources */,
				FBBB0C151B1B941F00FA2477 /* MainViewController.swift in Sources */,
			);
			runOnlyForDeploymentPostprocessing = 0;
		};
		FBBB0C001B1B870F00FA2477 /* Sources */ = {
			isa = PBXSourcesBuildPhase;
			buildActionMask = 2147483647;
			files = (
				FBBB0C0B1B1B870F00FA2477 /* calenderTests.swift in Sources */,
			);
			runOnlyForDeploymentPostprocessing = 0;
		};
/* End PBXSourcesBuildPhase section */

/* Begin PBXTargetDependency section */
		FBBB0C061B1B870F00FA2477 /* PBXTargetDependency */ = {
			isa = PBXTargetDependency;
			target = FBBB0BEB1B1B870E00FA2477 /* calender */;
			targetProxy = FBBB0C051B1B870F00FA2477 /* PBXContainerItemProxy */;
		};
/* End PBXTargetDependency section */

/* Begin PBXVariantGroup section */
		FBBB0BF81B1B870F00FA2477 /* Main.storyboard */ = {
			isa = PBXVariantGroup;
			children = (
				FBBB0BF91B1B870F00FA2477 /* Base */,
			);
			name = Main.storyboard;
			sourceTree = "<group>";
		};
		FBBB0BFD1B1B870F00FA2477 /* LaunchScreen.xib */ = {
			isa = PBXVariantGroup;
			children = (
				FBBB0BFE1B1B870F00FA2477 /* Base */,
			);
			name = LaunchScreen.xib;
			sourceTree = "<group>";
		};
/* End PBXVariantGroup section */

/* Begin XCBuildConfiguration section */
		FBBB0C0C1B1B870F00FA2477 /* Debug */ = {
			isa = XCBuildConfiguration;
			buildSettings = {
				ALWAYS_SEARCH_USER_PATHS = NO;
				CLANG_CXX_LANGUAGE_STANDARD = "gnu++0x";
				CLANG_CXX_LIBRARY = "libc++";
				CLANG_ENABLE_MODULES = YES;
				CLANG_ENABLE_OBJC_ARC = YES;
				CLANG_WARN_BOOL_CONVERSION = YES;
				CLANG_WARN_CONSTANT_CONVERSION = YES;
				CLANG_WARN_DIRECT_OBJC_ISA_USAGE = YES_ERROR;
				CLANG_WARN_EMPTY_BODY = YES;
				CLANG_WARN_ENUM_CONVERSION = YES;
				CLANG_WARN_INT_CONVERSION = YES;
				CLANG_WARN_OBJC_ROOT_CLASS = YES_ERROR;
				CLANG_WARN_UNREACHABLE_CODE = YES;
				CLANG_WARN__DUPLICATE_METHOD_MATCH = YES;
				"CODE_SIGN_IDENTITY[sdk=iphoneos*]" = "iPhone Developer";
				COPY_PHASE_STRIP = NO;
				DEBUG_INFORMATION_FORMAT = "dwarf-with-dsym";
				ENABLE_STRICT_OBJC_MSGSEND = YES;
				GCC_C_LANGUAGE_STANDARD = gnu99;
				GCC_DYNAMIC_NO_PIC = NO;
				GCC_NO_COMMON_BLOCKS = YES;
				GCC_OPTIMIZATION_LEVEL = 0;
				GCC_PREPROCESSOR_DEFINITIONS = (
					"DEBUG=1",
					"$(inherited)",
				);
				GCC_SYMBOLS_PRIVATE_EXTERN = NO;
				GCC_WARN_64_TO_32_BIT_CONVERSION = YES;
				GCC_WARN_ABOUT_RETURN_TYPE = YES_ERROR;
				GCC_WARN_UNDECLARED_SELECTOR = YES;
				GCC_WARN_UNINITIALIZED_AUTOS = YES_AGGRESSIVE;
				GCC_WARN_UNUSED_FUNCTION = YES;
				GCC_WARN_UNUSED_VARIABLE = YES;
				IPHONEOS_DEPLOYMENT_TARGET = 8.3;
				MTL_ENABLE_DEBUG_INFO = YES;
				ONLY_ACTIVE_ARCH = YES;
				SDKROOT = iphoneos;
				SWIFT_OPTIMIZATION_LEVEL = "-Onone";
				TARGETED_DEVICE_FAMILY = "1,2";
			};
			name = Debug;
		};
		FBBB0C0D1B1B870F00FA2477 /* Release */ = {
			isa = XCBuildConfiguration;
			buildSettings = {
				ALWAYS_SEARCH_USER_PATHS = NO;
				CLANG_CXX_LANGUAGE_STANDARD = "gnu++0x";
				CLANG_CXX_LIBRARY = "libc++";
				CLANG_ENABLE_MODULES = YES;
				CLANG_ENABLE_OBJC_ARC = YES;
				CLANG_WARN_BOOL_CONVERSION = YES;
				CLANG_WARN_CONSTANT_CONVERSION = YES;
				CLANG_WARN_DIRECT_OBJC_ISA_USAGE = YES_ERROR;
				CLANG_WARN_EMPTY_BODY = YES;
				CLANG_WARN_ENUM_CONVERSION = YES;
				CLANG_WARN_INT_CONVERSION = YES;
				CLANG_WARN_OBJC_ROOT_CLASS = YES_ERROR;
				CLANG_WARN_UNREACHABLE_CODE = YES;
				CLANG_WARN__DUPLICATE_METHOD_MATCH = YES;
				"CODE_SIGN_IDENTITY[sdk=iphoneos*]" = "iPhone Developer";
				COPY_PHASE_STRIP = NO;
				DEBUG_INFORMATION_FORMAT = "dwarf-with-dsym";
				ENABLE_NS_ASSERTIONS = NO;
				ENABLE_STRICT_OBJC_MSGSEND = YES;
				GCC_C_LANGUAGE_STANDARD = gnu99;
				GCC_NO_COMMON_BLOCKS = YES;
				GCC_WARN_64_TO_32_BIT_CONVERSION = YES;
				GCC_WARN_ABOUT_RETURN_TYPE = YES_ERROR;
				GCC_WARN_UNDECLARED_SELECTOR = YES;
				GCC_WARN_UNINITIALIZED_AUTOS = YES_AGGRESSIVE;
				GCC_WARN_UNUSED_FUNCTION = YES;
				GCC_WARN_UNUSED_VARIABLE = YES;
				IPHONEOS_DEPLOYMENT_TARGET = 8.3;
				MTL_ENABLE_DEBUG_INFO = NO;
				SDKROOT = iphoneos;
				TARGETED_DEVICE_FAMILY = "1,2";
				VALIDATE_PRODUCT = YES;
			};
			name = Release;
		};
		FBBB0C0F1B1B870F00FA2477 /* Debug */ = {
			isa = XCBuildConfiguration;
			buildSettings = {
				ASSETCATALOG_COMPILER_APPICON_NAME = AppIcon;
				INFOPLIST_FILE = calender/Info.plist;
				IPHONEOS_DEPLOYMENT_TARGET = 7.0;
				LD_RUNPATH_SEARCH_PATHS = "$(inherited) @executable_path/Frameworks";
				PRODUCT_NAME = "$(TARGET_NAME)";
			};
			name = Debug;
		};
		FBBB0C101B1B870F00FA2477 /* Release */ = {
			isa = XCBuildConfiguration;
			buildSettings = {
				ASSETCATALOG_COMPILER_APPICON_NAME = AppIcon;
				INFOPLIST_FILE = calender/Info.plist;
				IPHONEOS_DEPLOYMENT_TARGET = 7.0;
				LD_RUNPATH_SEARCH_PATHS = "$(inherited) @executable_path/Frameworks";
				PRODUCT_NAME = "$(TARGET_NAME)";
			};
			name = Release;
		};
		FBBB0C121B1B870F00FA2477 /* Debug */ = {
			isa = XCBuildConfiguration;
			buildSettings = {
				BUNDLE_LOADER = "$(TEST_HOST)";
				FRAMEWORK_SEARCH_PATHS = (
					"$(SDKROOT)/Developer/Library/Frameworks",
					"$(inherited)",
				);
				GCC_PREPROCESSOR_DEFINITIONS = (
					"DEBUG=1",
					"$(inherited)",
				);
				INFOPLIST_FILE = calenderTests/Info.plist;
				LD_RUNPATH_SEARCH_PATHS = "$(inherited) @executable_path/Frameworks @loader_path/Frameworks";
				PRODUCT_NAME = "$(TARGET_NAME)";
				TEST_HOST = "$(BUILT_PRODUCTS_DIR)/calender.app/calender";
			};
			name = Debug;
		};
		FBBB0C131B1B870F00FA2477 /* Release */ = {
			isa = XCBuildConfiguration;
			buildSettings = {
				BUNDLE_LOADER = "$(TEST_HOST)";
				FRAMEWORK_SEARCH_PATHS = (
					"$(SDKROOT)/Developer/Library/Frameworks",
					"$(inherited)",
				);
				INFOPLIST_FILE = calenderTests/Info.plist;
				LD_RUNPATH_SEARCH_PATHS = "$(inherited) @executable_path/Frameworks @loader_path/Frameworks";
				PRODUCT_NAME = "$(TARGET_NAME)";
				TEST_HOST = "$(BUILT_PRODUCTS_DIR)/calender.app/calender";
			};
			name = Release;
		};
/* End XCBuildConfiguration section */

/* Begin XCConfigurationList section */
		FBBB0BE71B1B870E00FA2477 /* Build configuration list for PBXProject "calender" */ = {
			isa = XCConfigurationList;
			buildConfigurations = (
				FBBB0C0C1B1B870F00FA2477 /* Debug */,
				FBBB0C0D1B1B870F00FA2477 /* Release */,
			);
			defaultConfigurationIsVisible = 0;
			defaultConfigurationName = Release;
		};
		FBBB0C0E1B1B870F00FA2477 /* Build configuration list for PBXNativeTarget "calender" */ = {
			isa = XCConfigurationList;
			buildConfigurations = (
				FBBB0C0F1B1B870F00FA2477 /* Debug */,
				FBBB0C101B1B870F00FA2477 /* Release */,
			);
			defaultConfigurationIsVisible = 0;
			defaultConfigurationName = Release;
		};
		FBBB0C111B1B870F00FA2477 /* Build configuration list for PBXNativeTarget "calenderTests" */ = {
			isa = XCConfigurationList;
			buildConfigurations = (
				FBBB0C121B1B870F00FA2477 /* Debug */,
				FBBB0C131B1B870F00FA2477 /* Release */,
			);
			defaultConfigurationIsVisible = 0;
			defaultConfigurationName = Release;
		};
/* End XCConfigurationList section */

/* Begin XCVersionGroup section */
		FBBB0BF31B1B870F00FA2477 /* calender.xcdatamodeld */ = {
			isa = XCVersionGroup;
			children = (
				FBBB0BF41B1B870F00FA2477 /* calender.xcdatamodel */,
			);
			currentVersion = FBBB0BF41B1B870F00FA2477 /* calender.xcdatamodel */;
			path = calender.xcdatamodeld;
			sourceTree = "<group>";
			versionGroupType = wrapper.xcdatamodel;
		};
/* End XCVersionGroup section */
	};
	rootObject = FBBB0BE41B1B870E00FA2477 /* Project object */;
}
